// !$*UTF8*$!
{
	archiveVersion = 1;
	classes = {
	};
	objectVersion = 56;
	objects = {

/* Begin PBXBuildFile section */
		9846CC8C28B7923F00857C0C /* SwiftUIandFirabaseAndPushNotifications01App.swift in Sources */ = {isa = PBXBuildFile; fileRef = 9846CC8B28B7923F00857C0C /* SwiftUIandFirabaseAndPushNotifications01App.swift */; };
		9846CC8E28B7923F00857C0C /* ContentView.swift in Sources */ = {isa = PBXBuildFile; fileRef = 9846CC8D28B7923F00857C0C /* ContentView.swift */; };
		9846CC9028B7924100857C0C /* Assets.xcassets in Resources */ = {isa = PBXBuildFile; fileRef = 9846CC8F28B7924100857C0C /* Assets.xcassets */; };
		9846CC9328B7924100857C0C /* Preview Assets.xcassets in Resources */ = {isa = PBXBuildFile; fileRef = 9846CC9228B7924100857C0C /* Preview Assets.xcassets */; };
		9846CC9D28B7924200857C0C /* SwiftUIandFirabaseAndPushNotifications01Tests.swift in Sources */ = {isa = PBXBuildFile; fileRef = 9846CC9C28B7924200857C0C /* SwiftUIandFirabaseAndPushNotifications01Tests.swift */; };
		9846CCA728B7924200857C0C /* SwiftUIandFirabaseAndPushNotifications01UITests.swift in Sources */ = {isa = PBXBuildFile; fileRef = 9846CCA628B7924200857C0C /* SwiftUIandFirabaseAndPushNotifications01UITests.swift */; };
		9846CCA928B7924200857C0C /* SwiftUIandFirabaseAndPushNotifications01UITestsLaunchTests.swift in Sources */ = {isa = PBXBuildFile; fileRef = 9846CCA828B7924200857C0C /* SwiftUIandFirabaseAndPushNotifications01UITestsLaunchTests.swift */; };
/* End PBXBuildFile section */

/* Begin PBXContainerItemProxy section */
		9846CC9928B7924200857C0C /* PBXContainerItemProxy */ = {
			isa = PBXContainerItemProxy;
			containerPortal = 9846CC8028B7923F00857C0C /* Project object */;
			proxyType = 1;
			remoteGlobalIDString = 9846CC8728B7923F00857C0C;
			remoteInfo = SwiftUIandFirabaseAndPushNotifications01;
		};
		9846CCA328B7924200857C0C /* PBXContainerItemProxy */ = {
			isa = PBXContainerItemProxy;
			containerPortal = 9846CC8028B7923F00857C0C /* Project object */;
			proxyType = 1;
			remoteGlobalIDString = 9846CC8728B7923F00857C0C;
			remoteInfo = SwiftUIandFirabaseAndPushNotifications01;
		};
/* End PBXContainerItemProxy section */

/* Begin PBXFileReference section */
		9846CC8828B7923F00857C0C /* SwiftUIandFirabaseAndPushNotifications01.app */ = {isa = PBXFileReference; explicitFileType = wrapper.application; includeInIndex = 0; path = SwiftUIandFirabaseAndPushNotifications01.app; sourceTree = BUILT_PRODUCTS_DIR; };
		9846CC8B28B7923F00857C0C /* SwiftUIandFirabaseAndPushNotifications01App.swift */ = {isa = PBXFileReference; lastKnownFileType = sourcecode.swift; path = SwiftUIandFirabaseAndPushNotifications01App.swift; sourceTree = "<group>"; };
		9846CC8D28B7923F00857C0C /* ContentView.swift */ = {isa = PBXFileReference; lastKnownFileType = sourcecode.swift; path = ContentView.swift; sourceTree = "<group>"; };
		9846CC8F28B7924100857C0C /* Assets.xcassets */ = {isa = PBXFileReference; lastKnownFileType = folder.assetcatalog; path = Assets.xcassets; sourceTree = "<group>"; };
		9846CC9228B7924100857C0C /* Preview Assets.xcassets */ = {isa = PBXFileReference; lastKnownFileType = folder.assetcatalog; path = "Preview Assets.xcassets"; sourceTree = "<group>"; };
		9846CC9828B7924200857C0C /* SwiftUIandFirabaseAndPushNotifications01Tests.xctest */ = {isa = PBXFileReference; explicitFileType = wrapper.cfbundle; includeInIndex = 0; path = SwiftUIandFirabaseAndPushNotifications01Tests.xctest; sourceTree = BUILT_PRODUCTS_DIR; };
		9846CC9C28B7924200857C0C /* SwiftUIandFirabaseAndPushNotifications01Tests.swift */ = {isa = PBXFileReference; lastKnownFileType = sourcecode.swift; path = SwiftUIandFirabaseAndPushNotifications01Tests.swift; sourceTree = "<group>"; };
		9846CCA228B7924200857C0C /* SwiftUIandFirabaseAndPushNotifications01UITests.xctest */ = {isa = PBXFileReference; explicitFileType = wrapper.cfbundle; includeInIndex = 0; path = SwiftUIandFirabaseAndPushNotifications01UITests.xctest; sourceTree = BUILT_PRODUCTS_DIR; };
		9846CCA628B7924200857C0C /* SwiftUIandFirabaseAndPushNotifications01UITests.swift */ = {isa = PBXFileReference; lastKnownFileType = sourcecode.swift; path = SwiftUIandFirabaseAndPushNotifications01UITests.swift; sourceTree = "<group>"; };
		9846CCA828B7924200857C0C /* SwiftUIandFirabaseAndPushNotifications01UITestsLaunchTests.swift */ = {isa = PBXFileReference; lastKnownFileType = sourcecode.swift; path = SwiftUIandFirabaseAndPushNotifications01UITestsLaunchTests.swift; sourceTree = "<group>"; };
/* End PBXFileReference section */

/* Begin PBXFrameworksBuildPhase section */
		9846CC8528B7923F00857C0C /* Frameworks */ = {
			isa = PBXFrameworksBuildPhase;
			buildActionMask = 2147483647;
			files = (
			);
			runOnlyForDeploymentPostprocessing = 0;
		};
		9846CC9528B7924200857C0C /* Frameworks */ = {
			isa = PBXFrameworksBuildPhase;
			buildActionMask = 2147483647;
			files = (
			);
			runOnlyForDeploymentPostprocessing = 0;
		};
		9846CC9F28B7924200857C0C /* Frameworks */ = {
			isa = PBXFrameworksBuildPhase;
			buildActionMask = 2147483647;
			files = (
			);
			runOnlyForDeploymentPostprocessing = 0;
		};
/* End PBXFrameworksBuildPhase section */

/* Begin PBXGroup section */
		9846CC7F28B7923F00857C0C = {
			isa = PBXGroup;
			children = (
				9846CC8A28B7923F00857C0C /* SwiftUIandFirabaseAndPushNotifications01 */,
				9846CC9B28B7924200857C0C /* SwiftUIandFirabaseAndPushNotifications01Tests */,
				9846CCA528B7924200857C0C /* SwiftUIandFirabaseAndPushNotifications01UITests */,
				9846CC8928B7923F00857C0C /* Products */,
			);
			sourceTree = "<group>";
		};
		9846CC8928B7923F00857C0C /* Products */ = {
			isa = PBXGroup;
			children = (
				9846CC8828B7923F00857C0C /* SwiftUIandFirabaseAndPushNotifications01.app */,
				9846CC9828B7924200857C0C /* SwiftUIandFirabaseAndPushNotifications01Tests.xctest */,
				9846CCA228B7924200857C0C /* SwiftUIandFirabaseAndPushNotifications01UITests.xctest */,
			);
			name = Products;
			sourceTree = "<group>";
		};
		9846CC8A28B7923F00857C0C /* SwiftUIandFirabaseAndPushNotifications01 */ = {
			isa = PBXGroup;
			children = (
				9846CC8B28B7923F00857C0C /* SwiftUIandFirabaseAndPushNotifications01App.swift */,
				9846CC8D28B7923F00857C0C /* ContentView.swift */,
				9846CC8F28B7924100857C0C /* Assets.xcassets */,
				9846CC9128B7924100857C0C /* Preview Content */,
			);
			path = SwiftUIandFirabaseAndPushNotifications01;
			sourceTree = "<group>";
		};
		9846CC9128B7924100857C0C /* Preview Content */ = {
			isa = PBXGroup;
			children = (
				9846CC9228B7924100857C0C /* Preview Assets.xcassets */,
			);
			path = "Preview Content";
			sourceTree = "<group>";
		};
		9846CC9B28B7924200857C0C /* SwiftUIandFirabaseAndPushNotifications01Tests */ = {
			isa = PBXGroup;
			children = (
				9846CC9C28B7924200857C0C /* SwiftUIandFirabaseAndPushNotifications01Tests.swift */,
			);
			path = SwiftUIandFirabaseAndPushNotifications01Tests;
			sourceTree = "<group>";
		};
		9846CCA528B7924200857C0C /* SwiftUIandFirabaseAndPushNotifications01UITests */ = {
			isa = PBXGroup;
			children = (
				9846CCA628B7924200857C0C /* SwiftUIandFirabaseAndPushNotifications01UITests.swift */,
				9846CCA828B7924200857C0C /* SwiftUIandFirabaseAndPushNotifications01UITestsLaunchTests.swift */,
			);
			path = SwiftUIandFirabaseAndPushNotifications01UITests;
			sourceTree = "<group>";
		};
/* End PBXGroup section */

/* Begin PBXNativeTarget section */
		9846CC8728B7923F00857C0C /* SwiftUIandFirabaseAndPushNotifications01 */ = {
			isa = PBXNativeTarget;
			buildConfigurationList = 9846CCAC28B7924200857C0C /* Build configuration list for PBXNativeTarget "SwiftUIandFirabaseAndPushNotifications01" */;
			buildPhases = (
				9846CC8428B7923F00857C0C /* Sources */,
				9846CC8528B7923F00857C0C /* Frameworks */,
				9846CC8628B7923F00857C0C /* Resources */,
			);
			buildRules = (
			);
			dependencies = (
			);
			name = SwiftUIandFirabaseAndPushNotifications01;
			productName = SwiftUIandFirabaseAndPushNotifications01;
			productReference = 9846CC8828B7923F00857C0C /* SwiftUIandFirabaseAndPushNotifications01.app */;
			productType = "com.apple.product-type.application";
		};
		9846CC9728B7924200857C0C /* SwiftUIandFirabaseAndPushNotifications01Tests */ = {
			isa = PBXNativeTarget;
			buildConfigurationList = 9846CCAF28B7924200857C0C /* Build configuration list for PBXNativeTarget "SwiftUIandFirabaseAndPushNotifications01Tests" */;
			buildPhases = (
				9846CC9428B7924200857C0C /* Sources */,
				9846CC9528B7924200857C0C /* Frameworks */,
				9846CC9628B7924200857C0C /* Resources */,
			);
			buildRules = (
			);
			dependencies = (
				9846CC9A28B7924200857C0C /* PBXTargetDependency */,
			);
			name = SwiftUIandFirabaseAndPushNotifications01Tests;
			productName = SwiftUIandFirabaseAndPushNotifications01Tests;
			productReference = 9846CC9828B7924200857C0C /* SwiftUIandFirabaseAndPushNotifications01Tests.xctest */;
			productType = "com.apple.product-type.bundle.unit-test";
		};
		9846CCA128B7924200857C0C /* SwiftUIandFirabaseAndPushNotifications01UITests */ = {
			isa = PBXNativeTarget;
			buildConfigurationList = 9846CCB228B7924200857C0C /* Build configuration list for PBXNativeTarget "SwiftUIandFirabaseAndPushNotifications01UITests" */;
			buildPhases = (
				9846CC9E28B7924200857C0C /* Sources */,
				9846CC9F28B7924200857C0C /* Frameworks */,
				9846CCA028B7924200857C0C /* Resources */,
			);
			buildRules = (
			);
			dependencies = (
				9846CCA428B7924200857C0C /* PBXTargetDependency */,
			);
			name = SwiftUIandFirabaseAndPushNotifications01UITests;
			productName = SwiftUIandFirabaseAndPushNotifications01UITests;
			productReference = 9846CCA228B7924200857C0C /* SwiftUIandFirabaseAndPushNotifications01UITests.xctest */;
			productType = "com.apple.product-type.bundle.ui-testing";
		};
/* End PBXNativeTarget section */

/* Begin PBXProject section */
		9846CC8028B7923F00857C0C /* Project object */ = {
			isa = PBXProject;
			attributes = {
				BuildIndependentTargetsInParallel = 1;
				LastSwiftUpdateCheck = 1400;
				LastUpgradeCheck = 1400;
				TargetAttributes = {
					9846CC8728B7923F00857C0C = {
						CreatedOnToolsVersion = 14.0;
					};
					9846CC9728B7924200857C0C = {
						CreatedOnToolsVersion = 14.0;
						TestTargetID = 9846CC8728B7923F00857C0C;
					};
					9846CCA128B7924200857C0C = {
						CreatedOnToolsVersion = 14.0;
						TestTargetID = 9846CC8728B7923F00857C0C;
					};
				};
			};
			buildConfigurationList = 9846CC8328B7923F00857C0C /* Build configuration list for PBXProject "SwiftUIandFirabaseAndPushNotifications01" */;
			compatibilityVersion = "Xcode 14.0";
			developmentRegion = en;
			hasScannedForEncodings = 0;
			knownRegions = (
				en,
				Base,
			);
			mainGroup = 9846CC7F28B7923F00857C0C;
			productRefGroup = 9846CC8928B7923F00857C0C /* Products */;
			projectDirPath = "";
			projectRoot = "";
			targets = (
				9846CC8728B7923F00857C0C /* SwiftUIandFirabaseAndPushNotifications01 */,
				9846CC9728B7924200857C0C /* SwiftUIandFirabaseAndPushNotifications01Tests */,
				9846CCA128B7924200857C0C /* SwiftUIandFirabaseAndPushNotifications01UITests */,
			);
		};
/* End PBXProject section */

/* Begin PBXResourcesBuildPhase section */
		9846CC8628B7923F00857C0C /* Resources */ = {
			isa = PBXResourcesBuildPhase;
			buildActionMask = 2147483647;
			files = (
				9846CC9328B7924100857C0C /* Preview Assets.xcassets in Resources */,
				9846CC9028B7924100857C0C /* Assets.xcassets in Resources */,
			);
			runOnlyForDeploymentPostprocessing = 0;
		};
		9846CC9628B7924200857C0C /* Resources */ = {
			isa = PBXResourcesBuildPhase;
			buildActionMask = 2147483647;
			files = (
			);
			runOnlyForDeploymentPostprocessing = 0;
		};
		9846CCA028B7924200857C0C /* Resources */ = {
			isa = PBXResourcesBuildPhase;
			buildActionMask = 2147483647;
			files = (
			);
			runOnlyForDeploymentPostprocessing = 0;
		};
/* End PBXResourcesBuildPhase section */

/* Begin PBXSourcesBuildPhase section */
		9846CC8428B7923F00857C0C /* Sources */ = {
			isa = PBXSourcesBuildPhase;
			buildActionMask = 2147483647;
			files = (
				9846CC8E28B7923F00857C0C /* ContentView.swift in Sources */,
				9846CC8C28B7923F00857C0C /* SwiftUIandFirabaseAndPushNotifications01App.swift in Sources */,
			);
			runOnlyForDeploymentPostprocessing = 0;
		};
		9846CC9428B7924200857C0C /* Sources */ = {
			isa = PBXSourcesBuildPhase;
			buildActionMask = 2147483647;
			files = (
				9846CC9D28B7924200857C0C /* SwiftUIandFirabaseAndPushNotifications01Tests.swift in Sources */,
			);
			runOnlyForDeploymentPostprocessing = 0;
		};
		9846CC9E28B7924200857C0C /* Sources */ = {
			isa = PBXSourcesBuildPhase;
			buildActionMask = 2147483647;
			files = (
				9846CCA928B7924200857C0C /* SwiftUIandFirabaseAndPushNotifications01UITestsLaunchTests.swift in Sources */,
				9846CCA728B7924200857C0C /* SwiftUIandFirabaseAndPushNotifications01UITests.swift in Sources */,
			);
			runOnlyForDeploymentPostprocessing = 0;
		};
/* End PBXSourcesBuildPhase section */

/* Begin PBXTargetDependency section */
		9846CC9A28B7924200857C0C /* PBXTargetDependency */ = {
			isa = PBXTargetDependency;
			target = 9846CC8728B7923F00857C0C /* SwiftUIandFirabaseAndPushNotifications01 */;
			targetProxy = 9846CC9928B7924200857C0C /* PBXContainerItemProxy */;
		};
		9846CCA428B7924200857C0C /* PBXTargetDependency */ = {
			isa = PBXTargetDependency;
			target = 9846CC8728B7923F00857C0C /* SwiftUIandFirabaseAndPushNotifications01 */;
			targetProxy = 9846CCA328B7924200857C0C /* PBXContainerItemProxy */;
		};
/* End PBXTargetDependency section */

/* Begin XCBuildConfiguration section */
		9846CCAA28B7924200857C0C /* Debug */ = {
			isa = XCBuildConfiguration;
			buildSettings = {
				ALWAYS_SEARCH_USER_PATHS = NO;
				CLANG_ANALYZER_NONNULL = YES;
				CLANG_ANALYZER_NUMBER_OBJECT_CONVERSION = YES_AGGRESSIVE;
				CLANG_CXX_LANGUAGE_STANDARD = "gnu++20";
				CLANG_ENABLE_MODULES = YES;
				CLANG_ENABLE_OBJC_ARC = YES;
				CLANG_ENABLE_OBJC_WEAK = YES;
				CLANG_WARN_BLOCK_CAPTURE_AUTORELEASING = YES;
				CLANG_WARN_BOOL_CONVERSION = YES;
				CLANG_WARN_COMMA = YES;
				CLANG_WARN_CONSTANT_CONVERSION = YES;
				CLANG_WARN_DEPRECATED_OBJC_IMPLEMENTATIONS = YES;
				CLANG_WARN_DIRECT_OBJC_ISA_USAGE = YES_ERROR;
				CLANG_WARN_DOCUMENTATION_COMMENTS = YES;
				CLANG_WARN_EMPTY_BODY = YES;
				CLANG_WARN_ENUM_CONVERSION = YES;
				CLANG_WARN_INFINITE_RECURSION = YES;
				CLANG_WARN_INT_CONVERSION = YES;
				CLANG_WARN_NON_LITERAL_NULL_CONVERSION = YES;
				CLANG_WARN_OBJC_IMPLICIT_RETAIN_SELF = YES;
				CLANG_WARN_OBJC_LITERAL_CONVERSION = YES;
				CLANG_WARN_OBJC_ROOT_CLASS = YES_ERROR;
				CLANG_WARN_QUOTED_INCLUDE_IN_FRAMEWORK_HEADER = YES;
				CLANG_WARN_RANGE_LOOP_ANALYSIS = YES;
				CLANG_WARN_STRICT_PROTOTYPES = YES;
				CLANG_WARN_SUSPICIOUS_MOVE = YES;
				CLANG_WARN_UNGUARDED_AVAILABILITY = YES_AGGRESSIVE;
				CLANG_WARN_UNREACHABLE_CODE = YES;
				CLANG_WARN__DUPLICATE_METHOD_MATCH = YES;
				COPY_PHASE_STRIP = NO;
				DEBUG_INFORMATION_FORMAT = dwarf;
				ENABLE_STRICT_OBJC_MSGSEND = YES;
				ENABLE_TESTABILITY = YES;
				GCC_C_LANGUAGE_STANDARD = gnu11;
				GCC_DYNAMIC_NO_PIC = NO;
				GCC_NO_COMMON_BLOCKS = YES;
				GCC_OPTIMIZATION_LEVEL = 0;
				GCC_PREPROCESSOR_DEFINITIONS = (
					"DEBUG=1",
					"$(inherited)",
				);
				GCC_WARN_64_TO_32_BIT_CONVERSION = YES;
				GCC_WARN_ABOUT_RETURN_TYPE = YES_ERROR;
				GCC_WARN_UNDECLARED_SELECTOR = YES;
				GCC_WARN_UNINITIALIZED_AUTOS = YES_AGGRESSIVE;
				GCC_WARN_UNUSED_FUNCTION = YES;
				GCC_WARN_UNUSED_VARIABLE = YES;
				IPHONEOS_DEPLOYMENT_TARGET = 16.0;
				MTL_ENABLE_DEBUG_INFO = INCLUDE_SOURCE;
				MTL_FAST_MATH = YES;
				ONLY_ACTIVE_ARCH = YES;
				SDKROOT = iphoneos;
				SWIFT_ACTIVE_COMPILATION_CONDITIONS = DEBUG;
				SWIFT_OPTIMIZATION_LEVEL = "-Onone";
			};
			name = Debug;
		};
		9846CCAB28B7924200857C0C /* Release */ = {
			isa = XCBuildConfiguration;
			buildSettings = {
				ALWAYS_SEARCH_USER_PATHS = NO;
				CLANG_ANALYZER_NONNULL = YES;
				CLANG_ANALYZER_NUMBER_OBJECT_CONVERSION = YES_AGGRESSIVE;
				CLANG_CXX_LANGUAGE_STANDARD = "gnu++20";
				CLANG_ENABLE_MODULES = YES;
				CLANG_ENABLE_OBJC_ARC = YES;
				CLANG_ENABLE_OBJC_WEAK = YES;
				CLANG_WARN_BLOCK_CAPTURE_AUTORELEASING = YES;
				CLANG_WARN_BOOL_CONVERSION = YES;
				CLANG_WARN_COMMA = YES;
				CLANG_WARN_CONSTANT_CONVERSION = YES;
				CLANG_WARN_DEPRECATED_OBJC_IMPLEMENTATIONS = YES;
				CLANG_WARN_DIRECT_OBJC_ISA_USAGE = YES_ERROR;
				CLANG_WARN_DOCUMENTATION_COMMENTS = YES;
				CLANG_WARN_EMPTY_BODY = YES;
				CLANG_WARN_ENUM_CONVERSION = YES;
				CLANG_WARN_INFINITE_RECURSION = YES;
				CLANG_WARN_INT_CONVERSION = YES;
				CLANG_WARN_NON_LITERAL_NULL_CONVERSION = YES;
				CLANG_WARN_OBJC_IMPLICIT_RETAIN_SELF = YES;
				CLANG_WARN_OBJC_LITERAL_CONVERSION = YES;
				CLANG_WARN_OBJC_ROOT_CLASS = YES_ERROR;
				CLANG_WARN_QUOTED_INCLUDE_IN_FRAMEWORK_HEADER = YES;
				CLANG_WARN_RANGE_LOOP_ANALYSIS = YES;
				CLANG_WARN_STRICT_PROTOTYPES = YES;
				CLANG_WARN_SUSPICIOUS_MOVE = YES;
				CLANG_WARN_UNGUARDED_AVAILABILITY = YES_AGGRESSIVE;
				CLANG_WARN_UNREACHABLE_CODE = YES;
				CLANG_WARN__DUPLICATE_METHOD_MATCH = YES;
				COPY_PHASE_STRIP = NO;
				DEBUG_INFORMATION_FORMAT = "dwarf-with-dsym";
				ENABLE_NS_ASSERTIONS = NO;
				ENABLE_STRICT_OBJC_MSGSEND = YES;
				GCC_C_LANGUAGE_STANDARD = gnu11;
				GCC_NO_COMMON_BLOCKS = YES;
				GCC_WARN_64_TO_32_BIT_CONVERSION = YES;
				GCC_WARN_ABOUT_RETURN_TYPE = YES_ERROR;
				GCC_WARN_UNDECLARED_SELECTOR = YES;
				GCC_WARN_UNINITIALIZED_AUTOS = YES_AGGRESSIVE;
				GCC_WARN_UNUSED_FUNCTION = YES;
				GCC_WARN_UNUSED_VARIABLE = YES;
				IPHONEOS_DEPLOYMENT_TARGET = 16.0;
				MTL_ENABLE_DEBUG_INFO = NO;
				MTL_FAST_MATH = YES;
				SDKROOT = iphoneos;
				SWIFT_COMPILATION_MODE = wholemodule;
				SWIFT_OPTIMIZATION_LEVEL = "-O";
				VALIDATE_PRODUCT = YES;
			};
			name = Release;
		};
		9846CCAD28B7924200857C0C /* Debug */ = {
			isa = XCBuildConfiguration;
			buildSettings = {
				ASSETCATALOG_COMPILER_APPICON_NAME = AppIcon;
				ASSETCATALOG_COMPILER_GLOBAL_ACCENT_COLOR_NAME = AccentColor;
				CODE_SIGN_STYLE = Automatic;
				CURRENT_PROJECT_VERSION = 1;
				DEVELOPMENT_ASSET_PATHS = "\"SwiftUIandFirabaseAndPushNotifications01/Preview Content\"";
				DEVELOPMENT_TEAM = JQVSXS5J2X;
				ENABLE_PREVIEWS = YES;
				GENERATE_INFOPLIST_FILE = YES;
				INFOPLIST_KEY_UIApplicationSceneManifest_Generation = YES;
				INFOPLIST_KEY_UIApplicationSupportsIndirectInputEvents = YES;
				INFOPLIST_KEY_UILaunchScreen_Generation = YES;
				INFOPLIST_KEY_UISupportedInterfaceOrientations_iPad = "UIInterfaceOrientationPortrait UIInterfaceOrientationPortraitUpsideDown UIInterfaceOrientationLandscapeLeft UIInterfaceOrientationLandscapeRight";
				INFOPLIST_KEY_UISupportedInterfaceOrientations_iPhone = "UIInterfaceOrientationPortrait UIInterfaceOrientationLandscapeLeft UIInterfaceOrientationLandscapeRight";
				LD_RUNPATH_SEARCH_PATHS = (
					"$(inherited)",
					"@executable_path/Frameworks",
				);
				MARKETING_VERSION = 1.0;
				PRODUCT_BUNDLE_IDENTIFIER = me.petroonishchuk.SwiftUIandFirabaseAndPushNotifications01;
				PRODUCT_NAME = "$(TARGET_NAME)";
				SWIFT_EMIT_LOC_STRINGS = YES;
				SWIFT_VERSION = 5.0;
				TARGETED_DEVICE_FAMILY = "1,2";
			};
			name = Debug;
		};
		9846CCAE28B7924200857C0C /* Release */ = {
			isa = XCBuildConfiguration;
			buildSettings = {
				ASSETCATALOG_COMPILER_APPICON_NAME = AppIcon;
				ASSETCATALOG_COMPILER_GLOBAL_ACCENT_COLOR_NAME = AccentColor;
				CODE_SIGN_STYLE = Automatic;
				CURRENT_PROJECT_VERSION = 1;
				DEVELOPMENT_ASSET_PATHS = "\"SwiftUIandFirabaseAndPushNotifications01/Preview Content\"";
				DEVELOPMENT_TEAM = JQVSXS5J2X;
				ENABLE_PREVIEWS = YES;
				GENERATE_INFOPLIST_FILE = YES;
				INFOPLIST_KEY_UIApplicationSceneManifest_Generation = YES;
				INFOPLIST_KEY_UIApplicationSupportsIndirectInputEvents = YES;
				INFOPLIST_KEY_UILaunchScreen_Generation = YES;
				INFOPLIST_KEY_UISupportedInterfaceOrientations_iPad = "UIInterfaceOrientationPortrait UIInterfaceOrientationPortraitUpsideDown UIInterfaceOrientationLandscapeLeft UIInterfaceOrientationLandscapeRight";
				INFOPLIST_KEY_UISupportedInterfaceOrientations_iPhone = "UIInterfaceOrientationPortrait UIInterfaceOrientationLandscapeLeft UIInterfaceOrientationLandscapeRight";
				LD_RUNPATH_SEARCH_PATHS = (
					"$(inherited)",
					"@executable_path/Frameworks",
				);
				MARKETING_VERSION = 1.0;
				PRODUCT_BUNDLE_IDENTIFIER = me.petroonishchuk.SwiftUIandFirabaseAndPushNotifications01;
				PRODUCT_NAME = "$(TARGET_NAME)";
				SWIFT_EMIT_LOC_STRINGS = YES;
				SWIFT_VERSION = 5.0;
				TARGETED_DEVICE_FAMILY = "1,2";
			};
			name = Release;
		};
		9846CCB028B7924200857C0C /* Debug */ = {
			isa = XCBuildConfiguration;
			buildSettings = {
				ALWAYS_EMBED_SWIFT_STANDARD_LIBRARIES = YES;
				BUNDLE_LOADER = "$(TEST_HOST)";
				CODE_SIGN_STYLE = Automatic;
				CURRENT_PROJECT_VERSION = 1;
				DEVELOPMENT_TEAM = JQVSXS5J2X;
				GENERATE_INFOPLIST_FILE = YES;
				IPHONEOS_DEPLOYMENT_TARGET = 16.0;
				MARKETING_VERSION = 1.0;
				PRODUCT_BUNDLE_IDENTIFIER = me.petroonishchuk.SwiftUIandFirabaseAndPushNotifications01Tests;
				PRODUCT_NAME = "$(TARGET_NAME)";
				SWIFT_EMIT_LOC_STRINGS = NO;
				SWIFT_VERSION = 5.0;
				TARGETED_DEVICE_FAMILY = "1,2";
				TEST_HOST = "$(BUILT_PRODUCTS_DIR)/SwiftUIandFirabaseAndPushNotifications01.app/$(BUNDLE_EXECUTABLE_FOLDER_PATH)/SwiftUIandFirabaseAndPushNotifications01";
			};
			name = Debug;
		};
		9846CCB128B7924200857C0C /* Release */ = {
			isa = XCBuildConfiguration;
			buildSettings = {
				ALWAYS_EMBED_SWIFT_STANDARD_LIBRARIES = YES;
				BUNDLE_LOADER = "$(TEST_HOST)";
				CODE_SIGN_STYLE = Automatic;
				CURRENT_PROJECT_VERSION = 1;
				DEVELOPMENT_TEAM = JQVSXS5J2X;
				GENERATE_INFOPLIST_FILE = YES;
				IPHONEOS_DEPLOYMENT_TARGET = 16.0;
				MARKETING_VERSION = 1.0;
				PRODUCT_BUNDLE_IDENTIFIER = me.petroonishchuk.SwiftUIandFirabaseAndPushNotifications01Tests;
				PRODUCT_NAME = "$(TARGET_NAME)";
				SWIFT_EMIT_LOC_STRINGS = NO;
				SWIFT_VERSION = 5.0;
				TARGETED_DEVICE_FAMILY = "1,2";
				TEST_HOST = "$(BUILT_PRODUCTS_DIR)/SwiftUIandFirabaseAndPushNotifications01.app/$(BUNDLE_EXECUTABLE_FOLDER_PATH)/SwiftUIandFirabaseAndPushNotifications01";
			};
			name = Release;
		};
		9846CCB328B7924200857C0C /* Debug */ = {
			isa = XCBuildConfiguration;
			buildSettings = {
				ALWAYS_EMBED_SWIFT_STANDARD_LIBRARIES = YES;
				CODE_SIGN_STYLE = Automatic;
				CURRENT_PROJECT_VERSION = 1;
				DEVELOPMENT_TEAM = JQVSXS5J2X;
				GENERATE_INFOPLIST_FILE = YES;
				MARKETING_VERSION = 1.0;
				PRODUCT_BUNDLE_IDENTIFIER = me.petroonishchuk.SwiftUIandFirabaseAndPushNotifications01UITests;
				PRODUCT_NAME = "$(TARGET_NAME)";
				SWIFT_EMIT_LOC_STRINGS = NO;
				SWIFT_VERSION = 5.0;
				TARGETED_DEVICE_FAMILY = "1,2";
				TEST_TARGET_NAME = SwiftUIandFirabaseAndPushNotifications01;
			};
			name = Debug;
		};
		9846CCB428B7924200857C0C /* Release */ = {
			isa = XCBuildConfiguration;
			buildSettings = {
				ALWAYS_EMBED_SWIFT_STANDARD_LIBRARIES = YES;
				CODE_SIGN_STYLE = Automatic;
				CURRENT_PROJECT_VERSION = 1;
				DEVELOPMENT_TEAM = JQVSXS5J2X;
				GENERATE_INFOPLIST_FILE = YES;
				MARKETING_VERSION = 1.0;
				PRODUCT_BUNDLE_IDENTIFIER = me.petroonishchuk.SwiftUIandFirabaseAndPushNotifications01UITests;
				PRODUCT_NAME = "$(TARGET_NAME)";
				SWIFT_EMIT_LOC_STRINGS = NO;
				SWIFT_VERSION = 5.0;
				TARGETED_DEVICE_FAMILY = "1,2";
				TEST_TARGET_NAME = SwiftUIandFirabaseAndPushNotifications01;
			};
			name = Release;
		};
/* End XCBuildConfiguration section */

/* Begin XCConfigurationList section */
		9846CC8328B7923F00857C0C /* Build configuration list for PBXProject "SwiftUIandFirabaseAndPushNotifications01" */ = {
			isa = XCConfigurationList;
			buildConfigurations = (
				9846CCAA28B7924200857C0C /* Debug */,
				9846CCAB28B7924200857C0C /* Release */,
			);
			defaultConfigurationIsVisible = 0;
			defaultConfigurationName = Release;
		};
		9846CCAC28B7924200857C0C /* Build configuration list for PBXNativeTarget "SwiftUIandFirabaseAndPushNotifications01" */ = {
			isa = XCConfigurationList;
			buildConfigurations = (
				9846CCAD28B7924200857C0C /* Debug */,
				9846CCAE28B7924200857C0C /* Release */,
			);
			defaultConfigurationIsVisible = 0;
			defaultConfigurationName = Release;
		};
		9846CCAF28B7924200857C0C /* Build configuration list for PBXNativeTarget "SwiftUIandFirabaseAndPushNotifications01Tests" */ = {
			isa = XCConfigurationList;
			buildConfigurations = (
				9846CCB028B7924200857C0C /* Debug */,
				9846CCB128B7924200857C0C /* Release */,
			);
			defaultConfigurationIsVisible = 0;
			defaultConfigurationName = Release;
		};
		9846CCB228B7924200857C0C /* Build configuration list for PBXNativeTarget "SwiftUIandFirabaseAndPushNotifications01UITests" */ = {
			isa = XCConfigurationList;
			buildConfigurations = (
				9846CCB328B7924200857C0C /* Debug */,
				9846CCB428B7924200857C0C /* Release */,
			);
			defaultConfigurationIsVisible = 0;
			defaultConfigurationName = Release;
		};
/* End XCConfigurationList section */
	};
	rootObject = 9846CC8028B7923F00857C0C /* Project object */;
}
